
Microsoft Visual Studio Solution File, Format Version 12.00
# Visual Studio Version 16
VisualStudioVersion = 16.0.31402.337
MinimumVisualStudioVersion = 10.0.40219.1
Project("{FAE04EC0-301F-11D3-BF4B-00C04F79EFBC}") = "p4gpc.tinyadditions", "p4gpc.tinyadditions\p4gpc.tinyadditions.csproj", "{8E4C4EBE-3519-4DBB-AD7A-10A0D2FF66B0}"
EndProject
Global
	GlobalSection(SolutionConfigurationPlatforms) = preSolution
		Debug|Any CPU = Debug|Any CPU
		Release|Any CPU = Release|Any CPU
	EndGlobalSection
	GlobalSection(ProjectConfigurationPlatforms) = postSolution
		{8E4C4EBE-3519-4DBB-AD7A-10A0D2FF66B0}.Debug|Any CPU.ActiveCfg = Debug|Any CPU
		{8E4C4EBE-3519-4DBB-AD7A-10A0D2FF66B0}.Debug|Any CPU.Build.0 = Debug|Any CPU
		{8E4C4EBE-3519-4DBB-AD7A-10A0D2FF66B0}.Release|Any CPU.ActiveCfg = Release|Any CPU
		{8E4C4EBE-3519-4DBB-AD7A-10A0D2FF66B0}.Release|Any CPU.Build.0 = Release|Any CPU
	EndGlobalSection
	GlobalSection(SolutionProperties) = preSolution
		HideSolutionNode = FALSE
	EndGlobalSection
	GlobalSection(ExtensibilityGlobals) = postSolution
		SolutionGuid = {24322E82-6C1A-4695-B159-ADEA5FFA6743}
	EndGlobalSection
EndGlobal
